{
  "name": "ens-npm-test",
  "version": "1.0.0",
  "lockfileVersion": 1,
  "requires": true,
  "dependencies": {
    "ens-validation-test": {
      "version": "0.1.1",
      "resolved": "https://registry.npmjs.org/ens-validation-test/-/ens-validation-test-0.1.1.tgz",
      "integrity": "sha512-YB+keNL26yMACBA0G4TRty388xSgFIL53tkYyXgEcu1JPB5LfL7f7Jw8StOrPB7bcTlvrkpMV9SYr0EkUONcDw=="
    }
  }
}
